
Microsoft Visual Studio Solution File, Format Version 12.00
# Visual Studio Version 16
VisualStudioVersion = 16.0.32428.217
MinimumVisualStudioVersion = 10.0.40219.1
Project("{FAE04EC0-301F-11D3-BF4B-00C04F79EFBC}") = "PalindromeIndex", "PalindromeIndex.csproj", "{1CD399D9-0426-4A3A-B58A-14DD5A1CD028}"
EndProject
Global
	GlobalSection(SolutionConfigurationPlatforms) = preSolution
		Debug|Any CPU = Debug|Any CPU
		Release|Any CPU = Release|Any CPU
	EndGlobalSection
	GlobalSection(ProjectConfigurationPlatforms) = postSolution
		{1CD399D9-0426-4A3A-B58A-14DD5A1CD028}.Debug|Any CPU.ActiveCfg = Debug|Any CPU
		{1CD399D9-0426-4A3A-B58A-14DD5A1CD028}.Debug|Any CPU.Build.0 = Debug|Any CPU
		{1CD399D9-0426-4A3A-B58A-14DD5A1CD028}.Release|Any CPU.ActiveCfg = Release|Any CPU
		{1CD399D9-0426-4A3A-B58A-14DD5A1CD028}.Release|Any CPU.Build.0 = Release|Any CPU
	EndGlobalSection
	GlobalSection(SolutionProperties) = preSolution
		HideSolutionNode = FALSE
	EndGlobalSection
	GlobalSection(ExtensibilityGlobals) = postSolution
		SolutionGuid = {570AFE69-8CD2-4B9B-8EEB-79EDB31B988D}
	EndGlobalSection
EndGlobal
